
Microsoft Visual Studio Solution File, Format Version 12.00
# Visual Studio Version 16
VisualStudioVersion = 16.0.29709.97
MinimumVisualStudioVersion = 10.0.40219.1
Project("{9A19103F-16F7-4668-BE54-9A1E7A4F7556}") = "Splendor.Core", "Splendor.Core\Splendor.Core.csproj", "{A03E46A1-7C20-4DEC-BCEA-7D3E25A3421E}"
EndProject
Project("{9A19103F-16F7-4668-BE54-9A1E7A4F7556}") = "Splendor.ConsoleRunner", "Splendor.ConsoleRunner\Splendor.ConsoleRunner.csproj", "{0B399E6F-6709-490B-BA05-1040D414DC1C}"
EndProject
Project("{9A19103F-16F7-4668-BE54-9A1E7A4F7556}") = "Splendor.Blazor", "Splendor.Blazor\Splendor.Blazor.csproj", "{596E3C17-F250-46BF-8E8E-3621324BA232}"
EndProject
Project("{9A19103F-16F7-4668-BE54-9A1E7A4F7556}") = "Splendor.Core.Tests", "Splendor.Core.Tests\Splendor.Core.Tests.csproj", "{A48D1A8C-D31B-4CC0-869E-A657C00151A2}"
EndProject
Project("{9A19103F-16F7-4668-BE54-9A1E7A4F7556}") = "Splendor.AIs.Unofficial", "Splendor.AIs.Unofficial\Splendor.AIs.Unofficial.csproj", "{8150FC57-9AED-4845-87F6-247443A1A19E}"
EndProject
Project("{9A19103F-16F7-4668-BE54-9A1E7A4F7556}") = "Splendor.AIs.Unofficial.Tests", "Splendor.AIs.Unofficial.Tests\Splendor.AIs.Unofficial.Tests.csproj", "{B0A9D68E-5E44-4C39-923F-C60035041FA9}"
EndProject
Project("{9A19103F-16F7-4668-BE54-9A1E7A4F7556}") = "Splendor.ConsoleGame", "Splendor.Console\Splendor.ConsoleGame.csproj", "{C923310B-E591-4F11-A7E0-90EF4EC688F3}"
EndProject
Global
	GlobalSection(SolutionConfigurationPlatforms) = preSolution
		Debug|Any CPU = Debug|Any CPU
		Release|Any CPU = Release|Any CPU
	EndGlobalSection
	GlobalSection(ProjectConfigurationPlatforms) = postSolution
		{A03E46A1-7C20-4DEC-BCEA-7D3E25A3421E}.Debug|Any CPU.ActiveCfg = Debug|Any CPU
		{A03E46A1-7C20-4DEC-BCEA-7D3E25A3421E}.Debug|Any CPU.Build.0 = Debug|Any CPU
		{A03E46A1-7C20-4DEC-BCEA-7D3E25A3421E}.Release|Any CPU.ActiveCfg = Release|Any CPU
		{A03E46A1-7C20-4DEC-BCEA-7D3E25A3421E}.Release|Any CPU.Build.0 = Release|Any CPU
		{0B399E6F-6709-490B-BA05-1040D414DC1C}.Debug|Any CPU.ActiveCfg = Debug|Any CPU
		{0B399E6F-6709-490B-BA05-1040D414DC1C}.Debug|Any CPU.Build.0 = Debug|Any CPU
		{0B399E6F-6709-490B-BA05-1040D414DC1C}.Release|Any CPU.ActiveCfg = Release|Any CPU
		{0B399E6F-6709-490B-BA05-1040D414DC1C}.Release|Any CPU.Build.0 = Release|Any CPU
		{596E3C17-F250-46BF-8E8E-3621324BA232}.Debug|Any CPU.ActiveCfg = Debug|Any CPU
		{596E3C17-F250-46BF-8E8E-3621324BA232}.Debug|Any CPU.Build.0 = Debug|Any CPU
		{596E3C17-F250-46BF-8E8E-3621324BA232}.Release|Any CPU.ActiveCfg = Release|Any CPU
		{596E3C17-F250-46BF-8E8E-3621324BA232}.Release|Any CPU.Build.0 = Release|Any CPU
		{A48D1A8C-D31B-4CC0-869E-A657C00151A2}.Debug|Any CPU.ActiveCfg = Debug|Any CPU
		{A48D1A8C-D31B-4CC0-869E-A657C00151A2}.Debug|Any CPU.Build.0 = Debug|Any CPU
		{A48D1A8C-D31B-4CC0-869E-A657C00151A2}.Release|Any CPU.ActiveCfg = Release|Any CPU
		{A48D1A8C-D31B-4CC0-869E-A657C00151A2}.Release|Any CPU.Build.0 = Release|Any CPU
		{8150FC57-9AED-4845-87F6-247443A1A19E}.Debug|Any CPU.ActiveCfg = Debug|Any CPU
		{8150FC57-9AED-4845-87F6-247443A1A19E}.Debug|Any CPU.Build.0 = Debug|Any CPU
		{8150FC57-9AED-4845-87F6-247443A1A19E}.Release|Any CPU.ActiveCfg = Release|Any CPU
		{8150FC57-9AED-4845-87F6-247443A1A19E}.Release|Any CPU.Build.0 = Release|Any CPU
		{B0A9D68E-5E44-4C39-923F-C60035041FA9}.Debug|Any CPU.ActiveCfg = Debug|Any CPU
		{B0A9D68E-5E44-4C39-923F-C60035041FA9}.Debug|Any CPU.Build.0 = Debug|Any CPU
		{B0A9D68E-5E44-4C39-923F-C60035041FA9}.Release|Any CPU.ActiveCfg = Release|Any CPU
		{B0A9D68E-5E44-4C39-923F-C60035041FA9}.Release|Any CPU.Build.0 = Release|Any CPU
		{C923310B-E591-4F11-A7E0-90EF4EC688F3}.Debug|Any CPU.ActiveCfg = Debug|Any CPU
		{C923310B-E591-4F11-A7E0-90EF4EC688F3}.Debug|Any CPU.Build.0 = Debug|Any CPU
		{C923310B-E591-4F11-A7E0-90EF4EC688F3}.Release|Any CPU.ActiveCfg = Release|Any CPU
		{C923310B-E591-4F11-A7E0-90EF4EC688F3}.Release|Any CPU.Build.0 = Release|Any CPU
	EndGlobalSection
	GlobalSection(SolutionProperties) = preSolution
		HideSolutionNode = FALSE
	EndGlobalSection
	GlobalSection(ExtensibilityGlobals) = postSolution
		SolutionGuid = {D508DBA7-8E5F-4905-B703-B08621E4F931}
	EndGlobalSection
EndGlobal
